
Microsoft Visual Studio Solution File, Format Version 12.00
Project("{FAE04EC0-301F-11D3-BF4B-00C04F79EFBC}") = "AdventureGuardian", "AdventureGuardian\AdventureGuardian.csproj", "{A95B7EB2-C9F1-4FFB-A43E-8634929A3817}"
EndProject
Project("{FAE04EC0-301F-11D3-BF4B-00C04F79EFBC}") = "AdventureGuardian.Test", "AdventureGuardian.Test\AdventureGuardian.Test.csproj", "{49A26C8C-EEEE-43C4-95B5-4209B06820A3}"
EndProject
Project("{FAE04EC0-301F-11D3-BF4B-00C04F79EFBC}") = "AdventureGuardian.Models", "AdventureGuardian.Models\AdventureGuardian.Models.csproj", "{36AA93A7-F4F8-446D-B8E3-1B3DB784471A}"
EndProject
Project("{FAE04EC0-301F-11D3-BF4B-00C04F79EFBC}") = "AdventureGuardian.Infrastructure", "AdventureGuardian.Infrastructure\AdventureGuardian.Infrastructure.csproj", "{711777CB-E045-4700-AFA7-661910956A9F}"
EndProject
Global
	GlobalSection(SolutionConfigurationPlatforms) = preSolution
		Debug|Any CPU = Debug|Any CPU
		Release|Any CPU = Release|Any CPU
	EndGlobalSection
	GlobalSection(ProjectConfigurationPlatforms) = postSolution
		{A95B7EB2-C9F1-4FFB-A43E-8634929A3817}.Debug|Any CPU.ActiveCfg = Debug|Any CPU
		{A95B7EB2-C9F1-4FFB-A43E-8634929A3817}.Debug|Any CPU.Build.0 = Debug|Any CPU
		{A95B7EB2-C9F1-4FFB-A43E-8634929A3817}.Release|Any CPU.ActiveCfg = Release|Any CPU
		{A95B7EB2-C9F1-4FFB-A43E-8634929A3817}.Release|Any CPU.Build.0 = Release|Any CPU
		{49A26C8C-EEEE-43C4-95B5-4209B06820A3}.Debug|Any CPU.ActiveCfg = Debug|Any CPU
		{49A26C8C-EEEE-43C4-95B5-4209B06820A3}.Debug|Any CPU.Build.0 = Debug|Any CPU
		{49A26C8C-EEEE-43C4-95B5-4209B06820A3}.Release|Any CPU.ActiveCfg = Release|Any CPU
		{49A26C8C-EEEE-43C4-95B5-4209B06820A3}.Release|Any CPU.Build.0 = Release|Any CPU
		{36AA93A7-F4F8-446D-B8E3-1B3DB784471A}.Debug|Any CPU.ActiveCfg = Debug|Any CPU
		{36AA93A7-F4F8-446D-B8E3-1B3DB784471A}.Debug|Any CPU.Build.0 = Debug|Any CPU
		{36AA93A7-F4F8-446D-B8E3-1B3DB784471A}.Release|Any CPU.ActiveCfg = Release|Any CPU
		{36AA93A7-F4F8-446D-B8E3-1B3DB784471A}.Release|Any CPU.Build.0 = Release|Any CPU
		{711777CB-E045-4700-AFA7-661910956A9F}.Debug|Any CPU.ActiveCfg = Debug|Any CPU
		{711777CB-E045-4700-AFA7-661910956A9F}.Debug|Any CPU.Build.0 = Debug|Any CPU
		{711777CB-E045-4700-AFA7-661910956A9F}.Release|Any CPU.ActiveCfg = Release|Any CPU
		{711777CB-E045-4700-AFA7-661910956A9F}.Release|Any CPU.Build.0 = Release|Any CPU
	EndGlobalSection
EndGlobal
